{
    "name": "netlify-avatar",
    "lockfileVersion": 2,
    "requires": true,
    "packages": {
        "": {
            "dependencies": {
                "minidenticons": "2.0.0"
            }
        },
        "node_modules/minidenticons": {
            "version": "2.0.0",
            "resolved": "https://registry.npmjs.org/minidenticons/-/minidenticons-2.0.0.tgz",
            "integrity": "sha512-nS7U0oE35WmmH36XwF482qa+5iEXqvilXnyHbtG12brjGMJPoUW8DH+e1Usr0FYlZBdydMN1mHq8/bzZ5RZzXw==",
            "engines": {
                "node": ">=14.0.0"
            }
        }
    },
    "dependencies": {
        "minidenticons": {
            "version": "2.0.0",
            "resolved": "https://registry.npmjs.org/minidenticons/-/minidenticons-2.0.0.tgz",
            "integrity": "sha512-nS7U0oE35WmmH36XwF482qa+5iEXqvilXnyHbtG12brjGMJPoUW8DH+e1Usr0FYlZBdydMN1mHq8/bzZ5RZzXw=="
        }
    }
}
